
Microsoft Visual Studio Solution File, Format Version 12.00
# Visual Studio Version 16
VisualStudioVersion = 16.0.30717.126
MinimumVisualStudioVersion = 10.0.40219.1
Project("{FAE04EC0-301F-11D3-BF4B-00C04F79EFBC}") = "YoutubeDownloader", "YoutubeDownloader\YoutubeDownloader.csproj", "{CEE90C49-80E3-47F4-8DED-AF9DE74CB664}"
EndProject
Global
	GlobalSection(SolutionConfigurationPlatforms) = preSolution
		Debug|Any CPU = Debug|Any CPU
		Release|Any CPU = Release|Any CPU
	EndGlobalSection
	GlobalSection(ProjectConfigurationPlatforms) = postSolution
		{CEE90C49-80E3-47F4-8DED-AF9DE74CB664}.Debug|Any CPU.ActiveCfg = Debug|Any CPU
		{CEE90C49-80E3-47F4-8DED-AF9DE74CB664}.Debug|Any CPU.Build.0 = Debug|Any CPU
		{CEE90C49-80E3-47F4-8DED-AF9DE74CB664}.Release|Any CPU.ActiveCfg = Release|Any CPU
		{CEE90C49-80E3-47F4-8DED-AF9DE74CB664}.Release|Any CPU.Build.0 = Release|Any CPU
	EndGlobalSection
	GlobalSection(SolutionProperties) = preSolution
		HideSolutionNode = FALSE
	EndGlobalSection
	GlobalSection(ExtensibilityGlobals) = postSolution
		SolutionGuid = {09DEDB5E-D87B-46F4-959D-D131C675D074}
	EndGlobalSection
EndGlobal
